
Microsoft Visual Studio Solution File, Format Version 12.00
# Visual Studio Version 17
VisualStudioVersion = 17.4.33205.214
MinimumVisualStudioVersion = 10.0.40219.1
Project("{FAE04EC0-301F-11D3-BF4B-00C04F79EFBC}") = "db test", "db test\db test.csproj", "{274DF69C-6FA8-4887-9EB9-DF1D4864CE81}"
EndProject
Global
	GlobalSection(SolutionConfigurationPlatforms) = preSolution
		Debug|Any CPU = Debug|Any CPU
		Release|Any CPU = Release|Any CPU
	EndGlobalSection
	GlobalSection(ProjectConfigurationPlatforms) = postSolution
		{274DF69C-6FA8-4887-9EB9-DF1D4864CE81}.Debug|Any CPU.ActiveCfg = Debug|Any CPU
		{274DF69C-6FA8-4887-9EB9-DF1D4864CE81}.Debug|Any CPU.Build.0 = Debug|Any CPU
		{274DF69C-6FA8-4887-9EB9-DF1D4864CE81}.Release|Any CPU.ActiveCfg = Release|Any CPU
		{274DF69C-6FA8-4887-9EB9-DF1D4864CE81}.Release|Any CPU.Build.0 = Release|Any CPU
	EndGlobalSection
	GlobalSection(SolutionProperties) = preSolution
		HideSolutionNode = FALSE
	EndGlobalSection
	GlobalSection(ExtensibilityGlobals) = postSolution
		SolutionGuid = {A487CF80-85E9-4DAB-9B27-3DBAB35EF46F}
	EndGlobalSection
EndGlobal
